
Microsoft Visual Studio Solution File, Format Version 12.00
# Visual Studio Version 17
VisualStudioVersion = 17.0.32112.339
MinimumVisualStudioVersion = 10.0.40219.1
Project("{FAE04EC0-301F-11D3-BF4B-00C04F79EFBC}") = "MvcOktaExample", "MvcOktaExample\MvcOktaExample.csproj", "{75A84F62-983C-4C02-BB40-86762CE596E9}"
EndProject
Project("{FAE04EC0-301F-11D3-BF4B-00C04F79EFBC}") = "WebFormsOktaExample", "WebFormsOktaExample\WebFormsOktaExample.csproj", "{5997F736-E6BE-4162-9F93-826E7110F793}"
EndProject
Global
	GlobalSection(SolutionConfigurationPlatforms) = preSolution
		Debug|Any CPU = Debug|Any CPU
		Release|Any CPU = Release|Any CPU
	EndGlobalSection
	GlobalSection(ProjectConfigurationPlatforms) = postSolution
		{75A84F62-983C-4C02-BB40-86762CE596E9}.Debug|Any CPU.ActiveCfg = Debug|Any CPU
		{75A84F62-983C-4C02-BB40-86762CE596E9}.Debug|Any CPU.Build.0 = Debug|Any CPU
		{75A84F62-983C-4C02-BB40-86762CE596E9}.Release|Any CPU.ActiveCfg = Release|Any CPU
		{75A84F62-983C-4C02-BB40-86762CE596E9}.Release|Any CPU.Build.0 = Release|Any CPU
		{5997F736-E6BE-4162-9F93-826E7110F793}.Debug|Any CPU.ActiveCfg = Debug|Any CPU
		{5997F736-E6BE-4162-9F93-826E7110F793}.Debug|Any CPU.Build.0 = Debug|Any CPU
		{5997F736-E6BE-4162-9F93-826E7110F793}.Release|Any CPU.ActiveCfg = Release|Any CPU
		{5997F736-E6BE-4162-9F93-826E7110F793}.Release|Any CPU.Build.0 = Release|Any CPU
	EndGlobalSection
	GlobalSection(SolutionProperties) = preSolution
		HideSolutionNode = FALSE
	EndGlobalSection
	GlobalSection(ExtensibilityGlobals) = postSolution
		SolutionGuid = {BB85CCE6-E205-43CC-982C-8FEBE362726B}
	EndGlobalSection
EndGlobal
